
Microsoft Visual Studio Solution File, Format Version 12.00
# Visual Studio Version 17
VisualStudioVersion = 17.2.32526.322
MinimumVisualStudioVersion = 10.0.40219.1
Project("{8BC9CEB8-8B4A-11D0-8D11-00A0C91BC942}") = "第七章 查找 作业", "第七章 查找 作业\第七章 查找 作业.vcxproj", "{09ED3089-AC5E-49A7-90F8-6EC476B2C80F}"
EndProject
Global
	GlobalSection(SolutionConfigurationPlatforms) = preSolution
		Debug|x64 = Debug|x64
		Debug|x86 = Debug|x86
		Release|x64 = Release|x64
		Release|x86 = Release|x86
	EndGlobalSection
	GlobalSection(ProjectConfigurationPlatforms) = postSolution
		{09ED3089-AC5E-49A7-90F8-6EC476B2C80F}.Debug|x64.ActiveCfg = Debug|x64
		{09ED3089-AC5E-49A7-90F8-6EC476B2C80F}.Debug|x64.Build.0 = Debug|x64
		{09ED3089-AC5E-49A7-90F8-6EC476B2C80F}.Debug|x86.ActiveCfg = Debug|Win32
		{09ED3089-AC5E-49A7-90F8-6EC476B2C80F}.Debug|x86.Build.0 = Debug|Win32
		{09ED3089-AC5E-49A7-90F8-6EC476B2C80F}.Release|x64.ActiveCfg = Release|x64
		{09ED3089-AC5E-49A7-90F8-6EC476B2C80F}.Release|x64.Build.0 = Release|x64
		{09ED3089-AC5E-49A7-90F8-6EC476B2C80F}.Release|x86.ActiveCfg = Release|Win32
		{09ED3089-AC5E-49A7-90F8-6EC476B2C80F}.Release|x86.Build.0 = Release|Win32
	EndGlobalSection
	GlobalSection(SolutionProperties) = preSolution
		HideSolutionNode = FALSE
	EndGlobalSection
	GlobalSection(ExtensibilityGlobals) = postSolution
		SolutionGuid = {7E7538AA-29CD-4085-BF35-1D0AC65216F1}
	EndGlobalSection
EndGlobal
