
Microsoft Visual Studio Solution File, Format Version 12.00
# Visual Studio Version 17
VisualStudioVersion = 17.2.32526.322
MinimumVisualStudioVersion = 10.0.40219.1
Project("{8BC9CEB8-8B4A-11D0-8D11-00A0C91BC942}") = "实验5 哈夫曼树及应用", "实验5 哈夫曼树及应用\实验5 哈夫曼树及应用.vcxproj", "{21AEB609-AA08-4C98-84AD-FD047ED0479C}"
EndProject
Global
	GlobalSection(SolutionConfigurationPlatforms) = preSolution
		Debug|x64 = Debug|x64
		Debug|x86 = Debug|x86
		Release|x64 = Release|x64
		Release|x86 = Release|x86
	EndGlobalSection
	GlobalSection(ProjectConfigurationPlatforms) = postSolution
		{21AEB609-AA08-4C98-84AD-FD047ED0479C}.Debug|x64.ActiveCfg = Debug|x64
		{21AEB609-AA08-4C98-84AD-FD047ED0479C}.Debug|x64.Build.0 = Debug|x64
		{21AEB609-AA08-4C98-84AD-FD047ED0479C}.Debug|x86.ActiveCfg = Debug|Win32
		{21AEB609-AA08-4C98-84AD-FD047ED0479C}.Debug|x86.Build.0 = Debug|Win32
		{21AEB609-AA08-4C98-84AD-FD047ED0479C}.Release|x64.ActiveCfg = Release|x64
		{21AEB609-AA08-4C98-84AD-FD047ED0479C}.Release|x64.Build.0 = Release|x64
		{21AEB609-AA08-4C98-84AD-FD047ED0479C}.Release|x86.ActiveCfg = Release|Win32
		{21AEB609-AA08-4C98-84AD-FD047ED0479C}.Release|x86.Build.0 = Release|Win32
	EndGlobalSection
	GlobalSection(SolutionProperties) = preSolution
		HideSolutionNode = FALSE
	EndGlobalSection
	GlobalSection(ExtensibilityGlobals) = postSolution
		SolutionGuid = {927A19F5-BCF5-41C4-9384-3DA6A575FAE7}
	EndGlobalSection
EndGlobal
